
Microsoft Visual Studio Solution File, Format Version 12.00
# Visual Studio Version 17
VisualStudioVersion = 17.4.33205.214
MinimumVisualStudioVersion = 10.0.40219.1
Project("{FAE04EC0-301F-11D3-BF4B-00C04F79EFBC}") = "CUSTInformation_Web", "CUSTInformation_Web\CUSTInformation_Web.csproj", "{D10370CB-A16B-45E9-BFFD-0A2A05C625C6}"
EndProject
Global
	GlobalSection(SolutionConfigurationPlatforms) = preSolution
		Debug|Any CPU = Debug|Any CPU
		Release|Any CPU = Release|Any CPU
	EndGlobalSection
	GlobalSection(ProjectConfigurationPlatforms) = postSolution
		{D10370CB-A16B-45E9-BFFD-0A2A05C625C6}.Debug|Any CPU.ActiveCfg = Debug|Any CPU
		{D10370CB-A16B-45E9-BFFD-0A2A05C625C6}.Debug|Any CPU.Build.0 = Debug|Any CPU
		{D10370CB-A16B-45E9-BFFD-0A2A05C625C6}.Release|Any CPU.ActiveCfg = Release|Any CPU
		{D10370CB-A16B-45E9-BFFD-0A2A05C625C6}.Release|Any CPU.Build.0 = Release|Any CPU
	EndGlobalSection
	GlobalSection(SolutionProperties) = preSolution
		HideSolutionNode = FALSE
	EndGlobalSection
	GlobalSection(ExtensibilityGlobals) = postSolution
		SolutionGuid = {DFF9CF8E-C574-4FE4-837E-2FB525F346F9}
	EndGlobalSection
EndGlobal
