
Microsoft Visual Studio Solution File, Format Version 12.00
# Visual Studio Version 17
VisualStudioVersion = 17.4.33205.214
MinimumVisualStudioVersion = 10.0.40219.1
Project("{FAE04EC0-301F-11D3-BF4B-00C04F79EFBC}") = "CustomerInformation_WebApi", "CustomerInformation_WebApi\CustomerInformation_WebApi.csproj", "{98EB9E58-CDF3-42AA-AC8B-C55C79149FD0}"
EndProject
Global
	GlobalSection(SolutionConfigurationPlatforms) = preSolution
		Debug|Any CPU = Debug|Any CPU
		Release|Any CPU = Release|Any CPU
	EndGlobalSection
	GlobalSection(ProjectConfigurationPlatforms) = postSolution
		{98EB9E58-CDF3-42AA-AC8B-C55C79149FD0}.Debug|Any CPU.ActiveCfg = Debug|Any CPU
		{98EB9E58-CDF3-42AA-AC8B-C55C79149FD0}.Debug|Any CPU.Build.0 = Debug|Any CPU
		{98EB9E58-CDF3-42AA-AC8B-C55C79149FD0}.Release|Any CPU.ActiveCfg = Release|Any CPU
		{98EB9E58-CDF3-42AA-AC8B-C55C79149FD0}.Release|Any CPU.Build.0 = Release|Any CPU
	EndGlobalSection
	GlobalSection(SolutionProperties) = preSolution
		HideSolutionNode = FALSE
	EndGlobalSection
	GlobalSection(ExtensibilityGlobals) = postSolution
		SolutionGuid = {3955FFA9-9870-4916-B0F1-5AAF818D7302}
	EndGlobalSection
EndGlobal
