
Microsoft Visual Studio Solution File, Format Version 12.00
# Visual Studio Version 17
VisualStudioVersion = 17.0.31611.283
MinimumVisualStudioVersion = 10.0.40219.1
Project("{9A19103F-16F7-4668-BE54-9A1E7A4F7556}") = "DaddaDocumentsConverter", "DaddaDocumentsConverter\DaddaDocumentsConverter.csproj", "{95B0EF3A-E868-4BF3-9410-310761E85417}"
EndProject
Project("{FAE04EC0-301F-11D3-BF4B-00C04F79EFBC}") = "DocumentConverter_iOS_Utilities", "DocumentConverter_iOS_Utilities\DocumentConverter_iOS_Utilities.csproj", "{0EBCBB9F-E862-4AB3-B631-0C9FF9359620}"
EndProject
Project("{FAE04EC0-301F-11D3-BF4B-00C04F79EFBC}") = "DocumentConverter_Android_Utilities", "DocumentConverter_Android_Utilities\DocumentConverter_Android_Utilities.csproj", "{2BB03943-AB8B-4677-B902-D2ACC21CB2F9}"
EndProject
Project("{FAE04EC0-301F-11D3-BF4B-00C04F79EFBC}") = "DocumentConverter_MacOs_Utilities", "DocumentConverter_MacOs_Utilities\DocumentConverter_MacOs_Utilities.csproj", "{125A8DBE-5D61-43E3-95E0-FF0D802D8B33}"
EndProject
Global
	GlobalSection(SolutionConfigurationPlatforms) = preSolution
		Debug|Any CPU = Debug|Any CPU
		Release|Any CPU = Release|Any CPU
	EndGlobalSection
	GlobalSection(ProjectConfigurationPlatforms) = postSolution
		{95B0EF3A-E868-4BF3-9410-310761E85417}.Debug|Any CPU.ActiveCfg = Debug|Any CPU
		{95B0EF3A-E868-4BF3-9410-310761E85417}.Debug|Any CPU.Build.0 = Debug|Any CPU
		{95B0EF3A-E868-4BF3-9410-310761E85417}.Debug|Any CPU.Deploy.0 = Debug|Any CPU
		{95B0EF3A-E868-4BF3-9410-310761E85417}.Release|Any CPU.ActiveCfg = Release|Any CPU
		{95B0EF3A-E868-4BF3-9410-310761E85417}.Release|Any CPU.Build.0 = Release|Any CPU
		{95B0EF3A-E868-4BF3-9410-310761E85417}.Release|Any CPU.Deploy.0 = Release|Any CPU
		{0EBCBB9F-E862-4AB3-B631-0C9FF9359620}.Debug|Any CPU.ActiveCfg = Debug|Any CPU
		{0EBCBB9F-E862-4AB3-B631-0C9FF9359620}.Debug|Any CPU.Build.0 = Debug|Any CPU
		{0EBCBB9F-E862-4AB3-B631-0C9FF9359620}.Release|Any CPU.ActiveCfg = Release|Any CPU
		{0EBCBB9F-E862-4AB3-B631-0C9FF9359620}.Release|Any CPU.Build.0 = Release|Any CPU
		{2BB03943-AB8B-4677-B902-D2ACC21CB2F9}.Debug|Any CPU.ActiveCfg = Debug|Any CPU
		{2BB03943-AB8B-4677-B902-D2ACC21CB2F9}.Debug|Any CPU.Build.0 = Debug|Any CPU
		{2BB03943-AB8B-4677-B902-D2ACC21CB2F9}.Release|Any CPU.ActiveCfg = Release|Any CPU
		{2BB03943-AB8B-4677-B902-D2ACC21CB2F9}.Release|Any CPU.Build.0 = Release|Any CPU
		{125A8DBE-5D61-43E3-95E0-FF0D802D8B33}.Debug|Any CPU.ActiveCfg = Debug|Any CPU
		{125A8DBE-5D61-43E3-95E0-FF0D802D8B33}.Debug|Any CPU.Build.0 = Debug|Any CPU
		{125A8DBE-5D61-43E3-95E0-FF0D802D8B33}.Release|Any CPU.ActiveCfg = Release|Any CPU
		{125A8DBE-5D61-43E3-95E0-FF0D802D8B33}.Release|Any CPU.Build.0 = Release|Any CPU
	EndGlobalSection
	GlobalSection(SolutionProperties) = preSolution
		HideSolutionNode = FALSE
	EndGlobalSection
	GlobalSection(ExtensibilityGlobals) = postSolution
		SolutionGuid = {61F7FB11-1E47-470C-91E2-47F8143E1572}
	EndGlobalSection
EndGlobal
