
Microsoft Visual Studio Solution File, Format Version 12.00
# Visual Studio Version 17
VisualStudioVersion = 17.4.33205.214
MinimumVisualStudioVersion = 10.0.40219.1
Project("{FAE04EC0-301F-11D3-BF4B-00C04F79EFBC}") = "CUSTInformations", "CUSTInformations\CUSTInformations.csproj", "{772D24F2-1E59-4624-A675-261F91D3C32B}"
EndProject
Global
	GlobalSection(SolutionConfigurationPlatforms) = preSolution
		Debug|Any CPU = Debug|Any CPU
		Release|Any CPU = Release|Any CPU
	EndGlobalSection
	GlobalSection(ProjectConfigurationPlatforms) = postSolution
		{772D24F2-1E59-4624-A675-261F91D3C32B}.Debug|Any CPU.ActiveCfg = Debug|Any CPU
		{772D24F2-1E59-4624-A675-261F91D3C32B}.Debug|Any CPU.Build.0 = Debug|Any CPU
		{772D24F2-1E59-4624-A675-261F91D3C32B}.Release|Any CPU.ActiveCfg = Release|Any CPU
		{772D24F2-1E59-4624-A675-261F91D3C32B}.Release|Any CPU.Build.0 = Release|Any CPU
	EndGlobalSection
	GlobalSection(SolutionProperties) = preSolution
		HideSolutionNode = FALSE
	EndGlobalSection
	GlobalSection(ExtensibilityGlobals) = postSolution
		SolutionGuid = {39F98B81-485C-445A-9B63-531B6635FF54}
	EndGlobalSection
EndGlobal
